
Microsoft Visual Studio Solution File, Format Version 12.00
# Visual Studio Version 17
VisualStudioVersion = 17.5.33516.290
MinimumVisualStudioVersion = 10.0.40219.1
Project("{FAE04EC0-301F-11D3-BF4B-00C04F79EFBC}") = "EXAMEN", "EXAMEN.csproj", "{BB29C828-2A3E-40F6-BEE2-44E0DB6E8D5E}"
EndProject
Global
	GlobalSection(SolutionConfigurationPlatforms) = preSolution
		Debug|Any CPU = Debug|Any CPU
		Release|Any CPU = Release|Any CPU
	EndGlobalSection
	GlobalSection(ProjectConfigurationPlatforms) = postSolution
		{BB29C828-2A3E-40F6-BEE2-44E0DB6E8D5E}.Debug|Any CPU.ActiveCfg = Debug|Any CPU
		{BB29C828-2A3E-40F6-BEE2-44E0DB6E8D5E}.Debug|Any CPU.Build.0 = Debug|Any CPU
		{BB29C828-2A3E-40F6-BEE2-44E0DB6E8D5E}.Release|Any CPU.ActiveCfg = Release|Any CPU
		{BB29C828-2A3E-40F6-BEE2-44E0DB6E8D5E}.Release|Any CPU.Build.0 = Release|Any CPU
	EndGlobalSection
	GlobalSection(SolutionProperties) = preSolution
		HideSolutionNode = FALSE
	EndGlobalSection
	GlobalSection(ExtensibilityGlobals) = postSolution
		SolutionGuid = {452E1D31-A53E-4E6D-8F38-02392A31EFDD}
	EndGlobalSection
EndGlobal
